// !$*UTF8*$!
{
	archiveVersion = 1;
	classes = {
	};
	objectVersion = 50;
	objects = {

/* Begin PBXBuildFile section */
		2BBB42BD25F52550000513E7 /* AppDelegate.swift in Sources */ = {isa = PBXBuildFile; fileRef = 2BBB42BC25F52550000513E7 /* AppDelegate.swift */; };
		2BBB42BF25F52550000513E7 /* SceneDelegate.swift in Sources */ = {isa = PBXBuildFile; fileRef = 2BBB42BE25F52550000513E7 /* SceneDelegate.swift */; };
		2BBB42C125F52550000513E7 /* ContentView.swift in Sources */ = {isa = PBXBuildFile; fileRef = 2BBB42C025F52550000513E7 /* ContentView.swift */; };
		2BBB42C325F52552000513E7 /* Assets.xcassets in Resources */ = {isa = PBXBuildFile; fileRef = 2BBB42C225F52552000513E7 /* Assets.xcassets */; };
		2BBB42C625F52552000513E7 /* Preview Assets.xcassets in Resources */ = {isa = PBXBuildFile; fileRef = 2BBB42C525F52552000513E7 /* Preview Assets.xcassets */; };
		2BBB42C925F52552000513E7 /* LaunchScreen.storyboard in Resources */ = {isa = PBXBuildFile; fileRef = 2BBB42C725F52552000513E7 /* LaunchScreen.storyboard */; };
		2BBB42D525F528CA000513E7 /* AboutView.swift in Sources */ = {isa = PBXBuildFile; fileRef = 2BBB42D425F528CA000513E7 /* AboutView.swift */; };
		2BBB42DB25F55F7C000513E7 /* CustomButtonStyle.swift in Sources */ = {isa = PBXBuildFile; fileRef = 2BBB42DA25F55F7C000513E7 /* CustomButtonStyle.swift */; };
		2BBB42DE25F5790F000513E7 /* MapView.swift in Sources */ = {isa = PBXBuildFile; fileRef = 2BBB42DD25F5790F000513E7 /* MapView.swift */; };
/* End PBXBuildFile section */

/* Begin PBXFileReference section */
		2BBB42B925F52550000513E7 /* saschasallesiOS.app */ = {isa = PBXFileReference; explicitFileType = wrapper.application; includeInIndex = 0; path = saschasallesiOS.app; sourceTree = BUILT_PRODUCTS_DIR; };
		2BBB42BC25F52550000513E7 /* AppDelegate.swift */ = {isa = PBXFileReference; lastKnownFileType = sourcecode.swift; path = AppDelegate.swift; sourceTree = "<group>"; };
		2BBB42BE25F52550000513E7 /* SceneDelegate.swift */ = {isa = PBXFileReference; lastKnownFileType = sourcecode.swift; path = SceneDelegate.swift; sourceTree = "<group>"; };
		2BBB42C025F52550000513E7 /* ContentView.swift */ = {isa = PBXFileReference; lastKnownFileType = sourcecode.swift; path = ContentView.swift; sourceTree = "<group>"; };
		2BBB42C225F52552000513E7 /* Assets.xcassets */ = {isa = PBXFileReference; lastKnownFileType = folder.assetcatalog; path = Assets.xcassets; sourceTree = "<group>"; };
		2BBB42C525F52552000513E7 /* Preview Assets.xcassets */ = {isa = PBXFileReference; lastKnownFileType = folder.assetcatalog; path = "Preview Assets.xcassets"; sourceTree = "<group>"; };
		2BBB42C825F52552000513E7 /* Base */ = {isa = PBXFileReference; lastKnownFileType = file.storyboard; name = Base; path = Base.lproj/LaunchScreen.storyboard; sourceTree = "<group>"; };
		2BBB42CA25F52552000513E7 /* Info.plist */ = {isa = PBXFileReference; lastKnownFileType = text.plist.xml; path = Info.plist; sourceTree = "<group>"; };
		2BBB42D425F528CA000513E7 /* AboutView.swift */ = {isa = PBXFileReference; lastKnownFileType = sourcecode.swift; path = AboutView.swift; sourceTree = "<group>"; };
		2BBB42DA25F55F7C000513E7 /* CustomButtonStyle.swift */ = {isa = PBXFileReference; lastKnownFileType = sourcecode.swift; path = CustomButtonStyle.swift; sourceTree = "<group>"; };
		2BBB42DD25F5790F000513E7 /* MapView.swift */ = {isa = PBXFileReference; lastKnownFileType = sourcecode.swift; path = MapView.swift; sourceTree = "<group>"; };
/* End PBXFileReference section */

/* Begin PBXFrameworksBuildPhase section */
		2BBB42B625F52550000513E7 /* Frameworks */ = {
			isa = PBXFrameworksBuildPhase;
			buildActionMask = 2147483647;
			files = (
			);
			runOnlyForDeploymentPostprocessing = 0;
		};
/* End PBXFrameworksBuildPhase section */

/* Begin PBXGroup section */
		2BBB42B025F52550000513E7 = {
			isa = PBXGroup;
			children = (
				2BBB42BB25F52550000513E7 /* saschasallesiOS */,
				2BBB42BA25F52550000513E7 /* Products */,
			);
			sourceTree = "<group>";
		};
		2BBB42BA25F52550000513E7 /* Products */ = {
			isa = PBXGroup;
			children = (
				2BBB42B925F52550000513E7 /* saschasallesiOS.app */,
			);
			name = Products;
			sourceTree = "<group>";
		};
		2BBB42BB25F52550000513E7 /* saschasallesiOS */ = {
			isa = PBXGroup;
			children = (
				2BBB42BC25F52550000513E7 /* AppDelegate.swift */,
				2BBB42BE25F52550000513E7 /* SceneDelegate.swift */,
				2BBB42D325F528AE000513E7 /* Models */,
				2BBB42D225F528A4000513E7 /* ViewModels */,
				2BBB42D125F5289B000513E7 /* Views */,
				2BBB42C225F52552000513E7 /* Assets.xcassets */,
				2BBB42C725F52552000513E7 /* LaunchScreen.storyboard */,
				2BBB42CA25F52552000513E7 /* Info.plist */,
				2BBB42C425F52552000513E7 /* Preview Content */,
			);
			path = saschasallesiOS;
			sourceTree = "<group>";
		};
		2BBB42C425F52552000513E7 /* Preview Content */ = {
			isa = PBXGroup;
			children = (
				2BBB42C525F52552000513E7 /* Preview Assets.xcassets */,
			);
			path = "Preview Content";
			sourceTree = "<group>";
		};
		2BBB42D125F5289B000513E7 /* Views */ = {
			isa = PBXGroup;
			children = (
				2BBB42D925F55F65000513E7 /* Extensions */,
				2BBB42C025F52550000513E7 /* ContentView.swift */,
				2BBB42D425F528CA000513E7 /* AboutView.swift */,
				2BBB42DD25F5790F000513E7 /* MapView.swift */,
			);
			path = Views;
			sourceTree = "<group>";
		};
		2BBB42D225F528A4000513E7 /* ViewModels */ = {
			isa = PBXGroup;
			children = (
			);
			path = ViewModels;
			sourceTree = "<group>";
		};
		2BBB42D325F528AE000513E7 /* Models */ = {
			isa = PBXGroup;
			children = (
			);
			path = Models;
			sourceTree = "<group>";
		};
		2BBB42D925F55F65000513E7 /* Extensions */ = {
			isa = PBXGroup;
			children = (
				2BBB42DA25F55F7C000513E7 /* CustomButtonStyle.swift */,
			);
			path = Extensions;
			sourceTree = "<group>";
		};
/* End PBXGroup section */

/* Begin PBXNativeTarget section */
		2BBB42B825F52550000513E7 /* saschasallesiOS */ = {
			isa = PBXNativeTarget;
			buildConfigurationList = 2BBB42CD25F52552000513E7 /* Build configuration list for PBXNativeTarget "saschasallesiOS" */;
			buildPhases = (
				2BBB42B525F52550000513E7 /* Sources */,
				2BBB42B625F52550000513E7 /* Frameworks */,
				2BBB42B725F52550000513E7 /* Resources */,
			);
			buildRules = (
			);
			dependencies = (
			);
			name = saschasallesiOS;
			productName = saschasallesiOS;
			productReference = 2BBB42B925F52550000513E7 /* saschasallesiOS.app */;
			productType = "com.apple.product-type.application";
		};
/* End PBXNativeTarget section */

/* Begin PBXProject section */
		2BBB42B125F52550000513E7 /* Project object */ = {
			isa = PBXProject;
			attributes = {
				LastSwiftUpdateCheck = 1240;
				LastUpgradeCheck = 1240;
				TargetAttributes = {
					2BBB42B825F52550000513E7 = {
						CreatedOnToolsVersion = 12.4;
					};
				};
			};
			buildConfigurationList = 2BBB42B425F52550000513E7 /* Build configuration list for PBXProject "saschasallesiOS" */;
			compatibilityVersion = "Xcode 9.3";
			developmentRegion = en;
			hasScannedForEncodings = 0;
			knownRegions = (
				en,
				Base,
			);
			mainGroup = 2BBB42B025F52550000513E7;
			productRefGroup = 2BBB42BA25F52550000513E7 /* Products */;
			projectDirPath = "";
			projectRoot = "";
			targets = (
				2BBB42B825F52550000513E7 /* saschasallesiOS */,
			);
		};
/* End PBXProject section */

/* Begin PBXResourcesBuildPhase section */
		2BBB42B725F52550000513E7 /* Resources */ = {
			isa = PBXResourcesBuildPhase;
			buildActionMask = 2147483647;
			files = (
				2BBB42C925F52552000513E7 /* LaunchScreen.storyboard in Resources */,
				2BBB42C625F52552000513E7 /* Preview Assets.xcassets in Resources */,
				2BBB42C325F52552000513E7 /* Assets.xcassets in Resources */,
			);
			runOnlyForDeploymentPostprocessing = 0;
		};
/* End PBXResourcesBuildPhase section */

/* Begin PBXSourcesBuildPhase section */
		2BBB42B525F52550000513E7 /* Sources */ = {
			isa = PBXSourcesBuildPhase;
			buildActionMask = 2147483647;
			files = (
				2BBB42D525F528CA000513E7 /* AboutView.swift in Sources */,
				2BBB42DE25F5790F000513E7 /* MapView.swift in Sources */,
				2BBB42BD25F52550000513E7 /* AppDelegate.swift in Sources */,
				2BBB42DB25F55F7C000513E7 /* CustomButtonStyle.swift in Sources */,
				2BBB42BF25F52550000513E7 /* SceneDelegate.swift in Sources */,
				2BBB42C125F52550000513E7 /* ContentView.swift in Sources */,
			);
			runOnlyForDeploymentPostprocessing = 0;
		};
/* End PBXSourcesBuildPhase section */

/* Begin PBXVariantGroup section */
		2BBB42C725F52552000513E7 /* LaunchScreen.storyboard */ = {
			isa = PBXVariantGroup;
			children = (
				2BBB42C825F52552000513E7 /* Base */,
			);
			name = LaunchScreen.storyboard;
			sourceTree = "<group>";
		};
/* End PBXVariantGroup section */

/* Begin XCBuildConfiguration section */
		2BBB42CB25F52552000513E7 /* Debug */ = {
			isa = XCBuildConfiguration;
			buildSettings = {
				ALWAYS_SEARCH_USER_PATHS = NO;
				CLANG_ANALYZER_NONNULL = YES;
				CLANG_ANALYZER_NUMBER_OBJECT_CONVERSION = YES_AGGRESSIVE;
				CLANG_CXX_LANGUAGE_STANDARD = "gnu++14";
				CLANG_CXX_LIBRARY = "libc++";
				CLANG_ENABLE_MODULES = YES;
				CLANG_ENABLE_OBJC_ARC = YES;
				CLANG_ENABLE_OBJC_WEAK = YES;
				CLANG_WARN_BLOCK_CAPTURE_AUTORELEASING = YES;
				CLANG_WARN_BOOL_CONVERSION = YES;
				CLANG_WARN_COMMA = YES;
				CLANG_WARN_CONSTANT_CONVERSION = YES;
				CLANG_WARN_DEPRECATED_OBJC_IMPLEMENTATIONS = YES;
				CLANG_WARN_DIRECT_OBJC_ISA_USAGE = YES_ERROR;
				CLANG_WARN_DOCUMENTATION_COMMENTS = YES;
				CLANG_WARN_EMPTY_BODY = YES;
				CLANG_WARN_ENUM_CONVERSION = YES;
				CLANG_WARN_INFINITE_RECURSION = YES;
				CLANG_WARN_INT_CONVERSION = YES;
				CLANG_WARN_NON_LITERAL_NULL_CONVERSION = YES;
				CLANG_WARN_OBJC_IMPLICIT_RETAIN_SELF = YES;
				CLANG_WARN_OBJC_LITERAL_CONVERSION = YES;
				CLANG_WARN_OBJC_ROOT_CLASS = YES_ERROR;
				CLANG_WARN_QUOTED_INCLUDE_IN_FRAMEWORK_HEADER = YES;
				CLANG_WARN_RANGE_LOOP_ANALYSIS = YES;
				CLANG_WARN_STRICT_PROTOTYPES = YES;
				CLANG_WARN_SUSPICIOUS_MOVE = YES;
				CLANG_WARN_UNGUARDED_AVAILABILITY = YES_AGGRESSIVE;
				CLANG_WARN_UNREACHABLE_CODE = YES;
				CLANG_WARN__DUPLICATE_METHOD_MATCH = YES;
				COPY_PHASE_STRIP = NO;
				DEBUG_INFORMATION_FORMAT = dwarf;
				ENABLE_STRICT_OBJC_MSGSEND = YES;
				ENABLE_TESTABILITY = YES;
				GCC_C_LANGUAGE_STANDARD = gnu11;
				GCC_DYNAMIC_NO_PIC = NO;
				GCC_NO_COMMON_BLOCKS = YES;
				GCC_OPTIMIZATION_LEVEL = 0;
				GCC_PREPROCESSOR_DEFINITIONS = (
					"DEBUG=1",
					"$(inherited)",
				);
				GCC_WARN_64_TO_32_BIT_CONVERSION = YES;
				GCC_WARN_ABOUT_RETURN_TYPE = YES_ERROR;
				GCC_WARN_UNDECLARED_SELECTOR = YES;
				GCC_WARN_UNINITIALIZED_AUTOS = YES_AGGRESSIVE;
				GCC_WARN_UNUSED_FUNCTION = YES;
				GCC_WARN_UNUSED_VARIABLE = YES;
				IPHONEOS_DEPLOYMENT_TARGET = 14.4;
				MTL_ENABLE_DEBUG_INFO = INCLUDE_SOURCE;
				MTL_FAST_MATH = YES;
				ONLY_ACTIVE_ARCH = YES;
				SDKROOT = iphoneos;
				SWIFT_ACTIVE_COMPILATION_CONDITIONS = DEBUG;
				SWIFT_OPTIMIZATION_LEVEL = "-Onone";
			};
			name = Debug;
		};
		2BBB42CC25F52552000513E7 /* Release */ = {
			isa = XCBuildConfiguration;
			buildSettings = {
				ALWAYS_SEARCH_USER_PATHS = NO;
				CLANG_ANALYZER_NONNULL = YES;
				CLANG_ANALYZER_NUMBER_OBJECT_CONVERSION = YES_AGGRESSIVE;
				CLANG_CXX_LANGUAGE_STANDARD = "gnu++14";
				CLANG_CXX_LIBRARY = "libc++";
				CLANG_ENABLE_MODULES = YES;
				CLANG_ENABLE_OBJC_ARC = YES;
				CLANG_ENABLE_OBJC_WEAK = YES;
				CLANG_WARN_BLOCK_CAPTURE_AUTORELEASING = YES;
				CLANG_WARN_BOOL_CONVERSION = YES;
				CLANG_WARN_COMMA = YES;
				CLANG_WARN_CONSTANT_CONVERSION = YES;
				CLANG_WARN_DEPRECATED_OBJC_IMPLEMENTATIONS = YES;
				CLANG_WARN_DIRECT_OBJC_ISA_USAGE = YES_ERROR;
				CLANG_WARN_DOCUMENTATION_COMMENTS = YES;
				CLANG_WARN_EMPTY_BODY = YES;
				CLANG_WARN_ENUM_CONVERSION = YES;
				CLANG_WARN_INFINITE_RECURSION = YES;
				CLANG_WARN_INT_CONVERSION = YES;
				CLANG_WARN_NON_LITERAL_NULL_CONVERSION = YES;
				CLANG_WARN_OBJC_IMPLICIT_RETAIN_SELF = YES;
				CLANG_WARN_OBJC_LITERAL_CONVERSION = YES;
				CLANG_WARN_OBJC_ROOT_CLASS = YES_ERROR;
				CLANG_WARN_QUOTED_INCLUDE_IN_FRAMEWORK_HEADER = YES;
				CLANG_WARN_RANGE_LOOP_ANALYSIS = YES;
				CLANG_WARN_STRICT_PROTOTYPES = YES;
				CLANG_WARN_SUSPICIOUS_MOVE = YES;
				CLANG_WARN_UNGUARDED_AVAILABILITY = YES_AGGRESSIVE;
				CLANG_WARN_UNREACHABLE_CODE = YES;
				CLANG_WARN__DUPLICATE_METHOD_MATCH = YES;
				COPY_PHASE_STRIP = NO;
				DEBUG_INFORMATION_FORMAT = "dwarf-with-dsym";
				ENABLE_NS_ASSERTIONS = NO;
				ENABLE_STRICT_OBJC_MSGSEND = YES;
				GCC_C_LANGUAGE_STANDARD = gnu11;
				GCC_NO_COMMON_BLOCKS = YES;
				GCC_WARN_64_TO_32_BIT_CONVERSION = YES;
				GCC_WARN_ABOUT_RETURN_TYPE = YES_ERROR;
				GCC_WARN_UNDECLARED_SELECTOR = YES;
				GCC_WARN_UNINITIALIZED_AUTOS = YES_AGGRESSIVE;
				GCC_WARN_UNUSED_FUNCTION = YES;
				GCC_WARN_UNUSED_VARIABLE = YES;
				IPHONEOS_DEPLOYMENT_TARGET = 14.4;
				MTL_ENABLE_DEBUG_INFO = NO;
				MTL_FAST_MATH = YES;
				SDKROOT = iphoneos;
				SWIFT_COMPILATION_MODE = wholemodule;
				SWIFT_OPTIMIZATION_LEVEL = "-O";
				VALIDATE_PRODUCT = YES;
			};
			name = Release;
		};
		2BBB42CE25F52552000513E7 /* Debug */ = {
			isa = XCBuildConfiguration;
			buildSettings = {
				ASSETCATALOG_COMPILER_APPICON_NAME = AppIcon;
				ASSETCATALOG_COMPILER_GLOBAL_ACCENT_COLOR_NAME = AccentColor;
				CODE_SIGN_STYLE = Automatic;
				DEVELOPMENT_ASSET_PATHS = "\"saschasallesiOS/Preview Content\"";
				DEVELOPMENT_TEAM = 85Y7A7HSKG;
				ENABLE_PREVIEWS = YES;
				INFOPLIST_FILE = saschasallesiOS/Info.plist;
				LD_RUNPATH_SEARCH_PATHS = (
					"$(inherited)",
					"@executable_path/Frameworks",
				);
				PRODUCT_BUNDLE_IDENTIFIER = com.saschasalles.saschasallesiOS;
				PRODUCT_NAME = "$(TARGET_NAME)";
				SWIFT_VERSION = 5.0;
				TARGETED_DEVICE_FAMILY = "1,2";
			};
			name = Debug;
		};
		2BBB42CF25F52552000513E7 /* Release */ = {
			isa = XCBuildConfiguration;
			buildSettings = {
				ASSETCATALOG_COMPILER_APPICON_NAME = AppIcon;
				ASSETCATALOG_COMPILER_GLOBAL_ACCENT_COLOR_NAME = AccentColor;
				CODE_SIGN_STYLE = Automatic;
				DEVELOPMENT_ASSET_PATHS = "\"saschasallesiOS/Preview Content\"";
				DEVELOPMENT_TEAM = 85Y7A7HSKG;
				ENABLE_PREVIEWS = YES;
				INFOPLIST_FILE = saschasallesiOS/Info.plist;
				LD_RUNPATH_SEARCH_PATHS = (
					"$(inherited)",
					"@executable_path/Frameworks",
				);
				PRODUCT_BUNDLE_IDENTIFIER = com.saschasalles.saschasallesiOS;
				PRODUCT_NAME = "$(TARGET_NAME)";
				SWIFT_VERSION = 5.0;
				TARGETED_DEVICE_FAMILY = "1,2";
			};
			name = Release;
		};
/* End XCBuildConfiguration section */

/* Begin XCConfigurationList section */
		2BBB42B425F52550000513E7 /* Build configuration list for PBXProject "saschasallesiOS" */ = {
			isa = XCConfigurationList;
			buildConfigurations = (
				2BBB42CB25F52552000513E7 /* Debug */,
				2BBB42CC25F52552000513E7 /* Release */,
			);
			defaultConfigurationIsVisible = 0;
			defaultConfigurationName = Release;
		};
		2BBB42CD25F52552000513E7 /* Build configuration list for PBXNativeTarget "saschasallesiOS" */ = {
			isa = XCConfigurationList;
			buildConfigurations = (
				2BBB42CE25F52552000513E7 /* Debug */,
				2BBB42CF25F52552000513E7 /* Release */,
			);
			defaultConfigurationIsVisible = 0;
			defaultConfigurationName = Release;
		};
/* End XCConfigurationList section */
	};
	rootObject = 2BBB42B125F52550000513E7 /* Project object */;
}
